
Microsoft Visual Studio Solution File, Format Version 12.00
# Visual Studio 15
VisualStudioVersion = 15.0.28307.539
MinimumVisualStudioVersion = 10.0.40219.1
Project("{FAE04EC0-301F-11D3-BF4B-00C04F79EFBC}") = "App1.Android", "App1\App1.Android\App1.Android.csproj", "{C3FC8F2F-91A8-45BD-BD23-0E175B90DD37}"
EndProject
Project("{FAE04EC0-301F-11D3-BF4B-00C04F79EFBC}") = "App1.iOS", "App1\App1.iOS\App1.iOS.csproj", "{40255805-F901-4FB8-8BCF-8EBCA786860D}"
EndProject
Project("{FAE04EC0-301F-11D3-BF4B-00C04F79EFBC}") = "App1", "App1\App1\App1.csproj", "{14F3D726-DC3B-477B-AE1D-CAAF7A8F6925}"
EndProject
Global
	GlobalSection(SolutionConfigurationPlatforms) = preSolution
		Ad-Hoc|Any CPU = Ad-Hoc|Any CPU
		Ad-Hoc|iPhone = Ad-Hoc|iPhone
		Ad-Hoc|iPhoneSimulator = Ad-Hoc|iPhoneSimulator
		AppStore|Any CPU = AppStore|Any CPU
		AppStore|iPhone = AppStore|iPhone
		AppStore|iPhoneSimulator = AppStore|iPhoneSimulator
		Debug|Any CPU = Debug|Any CPU
		Debug|iPhone = Debug|iPhone
		Debug|iPhoneSimulator = Debug|iPhoneSimulator
		Release|Any CPU = Release|Any CPU
		Release|iPhone = Release|iPhone
		Release|iPhoneSimulator = Release|iPhoneSimulator
	EndGlobalSection
	GlobalSection(ProjectConfigurationPlatforms) = postSolution
		{C3FC8F2F-91A8-45BD-BD23-0E175B90DD37}.Ad-Hoc|Any CPU.ActiveCfg = Release|Any CPU
		{C3FC8F2F-91A8-45BD-BD23-0E175B90DD37}.Ad-Hoc|Any CPU.Build.0 = Release|Any CPU
		{C3FC8F2F-91A8-45BD-BD23-0E175B90DD37}.Ad-Hoc|Any CPU.Deploy.0 = Release|Any CPU
		{C3FC8F2F-91A8-45BD-BD23-0E175B90DD37}.Ad-Hoc|iPhone.ActiveCfg = Release|Any CPU
		{C3FC8F2F-91A8-45BD-BD23-0E175B90DD37}.Ad-Hoc|iPhone.Build.0 = Release|Any CPU
		{C3FC8F2F-91A8-45BD-BD23-0E175B90DD37}.Ad-Hoc|iPhone.Deploy.0 = Release|Any CPU
		{C3FC8F2F-91A8-45BD-BD23-0E175B90DD37}.Ad-Hoc|iPhoneSimulator.ActiveCfg = Release|Any CPU
		{C3FC8F2F-91A8-45BD-BD23-0E175B90DD37}.Ad-Hoc|iPhoneSimulator.Build.0 = Release|Any CPU
		{C3FC8F2F-91A8-45BD-BD23-0E175B90DD37}.Ad-Hoc|iPhoneSimulator.Deploy.0 = Release|Any CPU
		{C3FC8F2F-91A8-45BD-BD23-0E175B90DD37}.AppStore|Any CPU.ActiveCfg = Release|Any CPU
		{C3FC8F2F-91A8-45BD-BD23-0E175B90DD37}.AppStore|Any CPU.Build.0 = Release|Any CPU
		{C3FC8F2F-91A8-45BD-BD23-0E175B90DD37}.AppStore|Any CPU.Deploy.0 = Release|Any CPU
		{C3FC8F2F-91A8-45BD-BD23-0E175B90DD37}.AppStore|iPhone.ActiveCfg = Release|Any CPU
		{C3FC8F2F-91A8-45BD-BD23-0E175B90DD37}.AppStore|iPhone.Build.0 = Release|Any CPU
		{C3FC8F2F-91A8-45BD-BD23-0E175B90DD37}.AppStore|iPhone.Deploy.0 = Release|Any CPU
		{C3FC8F2F-91A8-45BD-BD23-0E175B90DD37}.AppStore|iPhoneSimulator.ActiveCfg = Release|Any CPU
		{C3FC8F2F-91A8-45BD-BD23-0E175B90DD37}.AppStore|iPhoneSimulator.Build.0 = Release|Any CPU
		{C3FC8F2F-91A8-45BD-BD23-0E175B90DD37}.AppStore|iPhoneSimulator.Deploy.0 = Release|Any CPU
		{C3FC8F2F-91A8-45BD-BD23-0E175B90DD37}.Debug|Any CPU.ActiveCfg = Debug|Any CPU
		{C3FC8F2F-91A8-45BD-BD23-0E175B90DD37}.Debug|Any CPU.Build.0 = Debug|Any CPU
		{C3FC8F2F-91A8-45BD-BD23-0E175B90DD37}.Debug|Any CPU.Deploy.0 = Debug|Any CPU
		{C3FC8F2F-91A8-45BD-BD23-0E175B90DD37}.Debug|iPhone.ActiveCfg = Debug|Any CPU
		{C3FC8F2F-91A8-45BD-BD23-0E175B90DD37}.Debug|iPhone.Build.0 = Debug|Any CPU
		{C3FC8F2F-91A8-45BD-BD23-0E175B90DD37}.Debug|iPhone.Deploy.0 = Debug|Any CPU
		{C3FC8F2F-91A8-45BD-BD23-0E175B90DD37}.Debug|iPhoneSimulator.ActiveCfg = Debug|Any CPU
		{C3FC8F2F-91A8-45BD-BD23-0E175B90DD37}.Debug|iPhoneSimulator.Build.0 = Debug|Any CPU
		{C3FC8F2F-91A8-45BD-BD23-0E175B90DD37}.Debug|iPhoneSimulator.Deploy.0 = Debug|Any CPU
		{C3FC8F2F-91A8-45BD-BD23-0E175B90DD37}.Release|Any CPU.ActiveCfg = Release|Any CPU
		{C3FC8F2F-91A8-45BD-BD23-0E175B90DD37}.Release|Any CPU.Build.0 = Release|Any CPU
		{C3FC8F2F-91A8-45BD-BD23-0E175B90DD37}.Release|Any CPU.Deploy.0 = Release|Any CPU
		{C3FC8F2F-91A8-45BD-BD23-0E175B90DD37}.Release|iPhone.ActiveCfg = Release|Any CPU
		{C3FC8F2F-91A8-45BD-BD23-0E175B90DD37}.Release|iPhone.Build.0 = Release|Any CPU
		{C3FC8F2F-91A8-45BD-BD23-0E175B90DD37}.Release|iPhone.Deploy.0 = Release|Any CPU
		{C3FC8F2F-91A8-45BD-BD23-0E175B90DD37}.Release|iPhoneSimulator.ActiveCfg = Release|Any CPU
		{C3FC8F2F-91A8-45BD-BD23-0E175B90DD37}.Release|iPhoneSimulator.Build.0 = Release|Any CPU
		{C3FC8F2F-91A8-45BD-BD23-0E175B90DD37}.Release|iPhoneSimulator.Deploy.0 = Release|Any CPU
		{40255805-F901-4FB8-8BCF-8EBCA786860D}.Ad-Hoc|Any CPU.ActiveCfg = Ad-Hoc|iPhone
		{40255805-F901-4FB8-8BCF-8EBCA786860D}.Ad-Hoc|Any CPU.Build.0 = Ad-Hoc|iPhone
		{40255805-F901-4FB8-8BCF-8EBCA786860D}.Ad-Hoc|Any CPU.Deploy.0 = Ad-Hoc|iPhone
		{40255805-F901-4FB8-8BCF-8EBCA786860D}.Ad-Hoc|iPhone.ActiveCfg = Ad-Hoc|iPhone
		{40255805-F901-4FB8-8BCF-8EBCA786860D}.Ad-Hoc|iPhone.Build.0 = Ad-Hoc|iPhone
		{40255805-F901-4FB8-8BCF-8EBCA786860D}.Ad-Hoc|iPhone.Deploy.0 = Ad-Hoc|iPhone
		{40255805-F901-4FB8-8BCF-8EBCA786860D}.Ad-Hoc|iPhoneSimulator.ActiveCfg = Ad-Hoc|iPhoneSimulator
		{40255805-F901-4FB8-8BCF-8EBCA786860D}.Ad-Hoc|iPhoneSimulator.Build.0 = Ad-Hoc|iPhoneSimulator
		{40255805-F901-4FB8-8BCF-8EBCA786860D}.Ad-Hoc|iPhoneSimulator.Deploy.0 = Ad-Hoc|iPhoneSimulator
		{40255805-F901-4FB8-8BCF-8EBCA786860D}.AppStore|Any CPU.ActiveCfg = AppStore|iPhone
		{40255805-F901-4FB8-8BCF-8EBCA786860D}.AppStore|Any CPU.Build.0 = AppStore|iPhone
		{40255805-F901-4FB8-8BCF-8EBCA786860D}.AppStore|Any CPU.Deploy.0 = AppStore|iPhone
		{40255805-F901-4FB8-8BCF-8EBCA786860D}.AppStore|iPhone.ActiveCfg = AppStore|iPhone
		{40255805-F901-4FB8-8BCF-8EBCA786860D}.AppStore|iPhone.Build.0 = AppStore|iPhone
		{40255805-F901-4FB8-8BCF-8EBCA786860D}.AppStore|iPhone.Deploy.0 = AppStore|iPhone
		{40255805-F901-4FB8-8BCF-8EBCA786860D}.AppStore|iPhoneSimulator.ActiveCfg = AppStore|iPhoneSimulator
		{40255805-F901-4FB8-8BCF-8EBCA786860D}.AppStore|iPhoneSimulator.Build.0 = AppStore|iPhoneSimulator
		{40255805-F901-4FB8-8BCF-8EBCA786860D}.AppStore|iPhoneSimulator.Deploy.0 = AppStore|iPhoneSimulator
		{40255805-F901-4FB8-8BCF-8EBCA786860D}.Debug|Any CPU.ActiveCfg = Debug|iPhoneSimulator
		{40255805-F901-4FB8-8BCF-8EBCA786860D}.Debug|Any CPU.Build.0 = Debug|iPhoneSimulator
		{40255805-F901-4FB8-8BCF-8EBCA786860D}.Debug|Any CPU.Deploy.0 = Debug|iPhoneSimulator
		{40255805-F901-4FB8-8BCF-8EBCA786860D}.Debug|iPhone.ActiveCfg = Debug|iPhone
		{40255805-F901-4FB8-8BCF-8EBCA786860D}.Debug|iPhone.Build.0 = Debug|iPhone
		{40255805-F901-4FB8-8BCF-8EBCA786860D}.Debug|iPhone.Deploy.0 = Debug|iPhone
		{40255805-F901-4FB8-8BCF-8EBCA786860D}.Debug|iPhoneSimulator.ActiveCfg = Debug|iPhoneSimulator
		{40255805-F901-4FB8-8BCF-8EBCA786860D}.Debug|iPhoneSimulator.Build.0 = Debug|iPhoneSimulator
		{40255805-F901-4FB8-8BCF-8EBCA786860D}.Debug|iPhoneSimulator.Deploy.0 = Debug|iPhoneSimulator
		{40255805-F901-4FB8-8BCF-8EBCA786860D}.Release|Any CPU.ActiveCfg = Release|iPhone
		{40255805-F901-4FB8-8BCF-8EBCA786860D}.Release|Any CPU.Build.0 = Release|iPhone
		{40255805-F901-4FB8-8BCF-8EBCA786860D}.Release|Any CPU.Deploy.0 = Release|iPhone
		{40255805-F901-4FB8-8BCF-8EBCA786860D}.Release|iPhone.ActiveCfg = Release|iPhone
		{40255805-F901-4FB8-8BCF-8EBCA786860D}.Release|iPhone.Build.0 = Release|iPhone
		{40255805-F901-4FB8-8BCF-8EBCA786860D}.Release|iPhone.Deploy.0 = Release|iPhone
		{40255805-F901-4FB8-8BCF-8EBCA786860D}.Release|iPhoneSimulator.ActiveCfg = Release|iPhoneSimulator
		{40255805-F901-4FB8-8BCF-8EBCA786860D}.Release|iPhoneSimulator.Build.0 = Release|iPhoneSimulator
		{40255805-F901-4FB8-8BCF-8EBCA786860D}.Release|iPhoneSimulator.Deploy.0 = Release|iPhoneSimulator
		{14F3D726-DC3B-477B-AE1D-CAAF7A8F6925}.Ad-Hoc|Any CPU.ActiveCfg = Debug|Any CPU
		{14F3D726-DC3B-477B-AE1D-CAAF7A8F6925}.Ad-Hoc|Any CPU.Build.0 = Debug|Any CPU
		{14F3D726-DC3B-477B-AE1D-CAAF7A8F6925}.Ad-Hoc|Any CPU.Deploy.0 = Debug|Any CPU
		{14F3D726-DC3B-477B-AE1D-CAAF7A8F6925}.Ad-Hoc|iPhone.ActiveCfg = Debug|Any CPU
		{14F3D726-DC3B-477B-AE1D-CAAF7A8F6925}.Ad-Hoc|iPhone.Build.0 = Debug|Any CPU
		{14F3D726-DC3B-477B-AE1D-CAAF7A8F6925}.Ad-Hoc|iPhone.Deploy.0 = Debug|Any CPU
		{14F3D726-DC3B-477B-AE1D-CAAF7A8F6925}.Ad-Hoc|iPhoneSimulator.ActiveCfg = Debug|Any CPU
		{14F3D726-DC3B-477B-AE1D-CAAF7A8F6925}.Ad-Hoc|iPhoneSimulator.Build.0 = Debug|Any CPU
		{14F3D726-DC3B-477B-AE1D-CAAF7A8F6925}.Ad-Hoc|iPhoneSimulator.Deploy.0 = Debug|Any CPU
		{14F3D726-DC3B-477B-AE1D-CAAF7A8F6925}.AppStore|Any CPU.ActiveCfg = Debug|Any CPU
		{14F3D726-DC3B-477B-AE1D-CAAF7A8F6925}.AppStore|Any CPU.Build.0 = Debug|Any CPU
		{14F3D726-DC3B-477B-AE1D-CAAF7A8F6925}.AppStore|Any CPU.Deploy.0 = Debug|Any CPU
		{14F3D726-DC3B-477B-AE1D-CAAF7A8F6925}.AppStore|iPhone.ActiveCfg = Debug|Any CPU
		{14F3D726-DC3B-477B-AE1D-CAAF7A8F6925}.AppStore|iPhone.Build.0 = Debug|Any CPU
		{14F3D726-DC3B-477B-AE1D-CAAF7A8F6925}.AppStore|iPhone.Deploy.0 = Debug|Any CPU
		{14F3D726-DC3B-477B-AE1D-CAAF7A8F6925}.AppStore|iPhoneSimulator.ActiveCfg = Debug|Any CPU
		{14F3D726-DC3B-477B-AE1D-CAAF7A8F6925}.AppStore|iPhoneSimulator.Build.0 = Debug|Any CPU
		{14F3D726-DC3B-477B-AE1D-CAAF7A8F6925}.AppStore|iPhoneSimulator.Deploy.0 = Debug|Any CPU
		{14F3D726-DC3B-477B-AE1D-CAAF7A8F6925}.Debug|Any CPU.ActiveCfg = Debug|Any CPU
		{14F3D726-DC3B-477B-AE1D-CAAF7A8F6925}.Debug|Any CPU.Build.0 = Debug|Any CPU
		{14F3D726-DC3B-477B-AE1D-CAAF7A8F6925}.Debug|Any CPU.Deploy.0 = Debug|Any CPU
		{14F3D726-DC3B-477B-AE1D-CAAF7A8F6925}.Debug|iPhone.ActiveCfg = Debug|Any CPU
		{14F3D726-DC3B-477B-AE1D-CAAF7A8F6925}.Debug|iPhone.Build.0 = Debug|Any CPU
		{14F3D726-DC3B-477B-AE1D-CAAF7A8F6925}.Debug|iPhone.Deploy.0 = Debug|Any CPU
		{14F3D726-DC3B-477B-AE1D-CAAF7A8F6925}.Debug|iPhoneSimulator.ActiveCfg = Debug|Any CPU
		{14F3D726-DC3B-477B-AE1D-CAAF7A8F6925}.Debug|iPhoneSimulator.Build.0 = Debug|Any CPU
		{14F3D726-DC3B-477B-AE1D-CAAF7A8F6925}.Debug|iPhoneSimulator.Deploy.0 = Debug|Any CPU
		{14F3D726-DC3B-477B-AE1D-CAAF7A8F6925}.Release|Any CPU.ActiveCfg = Release|Any CPU
		{14F3D726-DC3B-477B-AE1D-CAAF7A8F6925}.Release|Any CPU.Build.0 = Release|Any CPU
		{14F3D726-DC3B-477B-AE1D-CAAF7A8F6925}.Release|Any CPU.Deploy.0 = Release|Any CPU
		{14F3D726-DC3B-477B-AE1D-CAAF7A8F6925}.Release|iPhone.ActiveCfg = Release|Any CPU
		{14F3D726-DC3B-477B-AE1D-CAAF7A8F6925}.Release|iPhone.Build.0 = Release|Any CPU
		{14F3D726-DC3B-477B-AE1D-CAAF7A8F6925}.Release|iPhone.Deploy.0 = Release|Any CPU
		{14F3D726-DC3B-477B-AE1D-CAAF7A8F6925}.Release|iPhoneSimulator.ActiveCfg = Release|Any CPU
		{14F3D726-DC3B-477B-AE1D-CAAF7A8F6925}.Release|iPhoneSimulator.Build.0 = Release|Any CPU
		{14F3D726-DC3B-477B-AE1D-CAAF7A8F6925}.Release|iPhoneSimulator.Deploy.0 = Release|Any CPU
	EndGlobalSection
	GlobalSection(SolutionProperties) = preSolution
		HideSolutionNode = FALSE
	EndGlobalSection
	GlobalSection(ExtensibilityGlobals) = postSolution
		SolutionGuid = {19E2B13E-C9B5-43A3-8598-14FA13A92128}
	EndGlobalSection
EndGlobal
